
Microsoft Visual Studio Solution File, Format Version 12.00
# Visual Studio Version 17
VisualStudioVersion = 17.12.35209.166
MinimumVisualStudioVersion = 10.0.40219.1
Project("{FAE04EC0-301F-11D3-BF4B-00C04F79EFBC}") = "Tumelo Expense App", "Banking App.2\Tumelo Expense App.csproj", "{7EE52FA8-CD8A-4F40-AC2D-7EE23733CB4D}"
EndProject
Global
	GlobalSection(SolutionConfigurationPlatforms) = preSolution
		Debug|Any CPU = Debug|Any CPU
		Release|Any CPU = Release|Any CPU
	EndGlobalSection
	GlobalSection(ProjectConfigurationPlatforms) = postSolution
		{7EE52FA8-CD8A-4F40-AC2D-7EE23733CB4D}.Debug|Any CPU.ActiveCfg = Debug|Any CPU
		{7EE52FA8-CD8A-4F40-AC2D-7EE23733CB4D}.Debug|Any CPU.Build.0 = Debug|Any CPU
		{7EE52FA8-CD8A-4F40-AC2D-7EE23733CB4D}.Release|Any CPU.ActiveCfg = Release|Any CPU
		{7EE52FA8-CD8A-4F40-AC2D-7EE23733CB4D}.Release|Any CPU.Build.0 = Release|Any CPU
	EndGlobalSection
	GlobalSection(SolutionProperties) = preSolution
		HideSolutionNode = FALSE
	EndGlobalSection
	GlobalSection(ExtensibilityGlobals) = postSolution
		SolutionGuid = {6D323650-22D6-4D1A-9DF8-5E489293EB68}
	EndGlobalSection
EndGlobal
