
Microsoft Visual Studio Solution File, Format Version 12.00
# Visual Studio Version 17
VisualStudioVersion = 17.12.35209.166
MinimumVisualStudioVersion = 10.0.40219.1
Project("{FAE04EC0-301F-11D3-BF4B-00C04F79EFBC}") = "Tumelo Expense App", "Tumelo Expense App.csproj", "{D6279CAB-A04B-414F-92C8-ABC07025BC3C}"
EndProject
Global
	GlobalSection(SolutionConfigurationPlatforms) = preSolution
		Debug|Any CPU = Debug|Any CPU
		Release|Any CPU = Release|Any CPU
	EndGlobalSection
	GlobalSection(ProjectConfigurationPlatforms) = postSolution
		{D6279CAB-A04B-414F-92C8-ABC07025BC3C}.Debug|Any CPU.ActiveCfg = Debug|Any CPU
		{D6279CAB-A04B-414F-92C8-ABC07025BC3C}.Debug|Any CPU.Build.0 = Debug|Any CPU
		{D6279CAB-A04B-414F-92C8-ABC07025BC3C}.Release|Any CPU.ActiveCfg = Release|Any CPU
		{D6279CAB-A04B-414F-92C8-ABC07025BC3C}.Release|Any CPU.Build.0 = Release|Any CPU
	EndGlobalSection
	GlobalSection(SolutionProperties) = preSolution
		HideSolutionNode = FALSE
	EndGlobalSection
	GlobalSection(ExtensibilityGlobals) = postSolution
		SolutionGuid = {9B885566-DD60-4A71-8A4A-B7262006EB48}
	EndGlobalSection
EndGlobal
